
Microsoft Visual Studio Solution File, Format Version 12.00
# Visual Studio Version 16
VisualStudioVersion = 16.0.31729.503
MinimumVisualStudioVersion = 10.0.40219.1
Project("{9A19103F-16F7-4668-BE54-9A1E7A4F7556}") = "Manager.Domain", "src\Manager.Domain\Manager.Domain.csproj", "{AAD47760-6146-417B-8F31-57AF7C10B8D8}"
EndProject
Project("{9A19103F-16F7-4668-BE54-9A1E7A4F7556}") = "Manager.Infra", "src\Manager.Infra\Manager.Infra.csproj", "{5B663ACB-7477-45EA-8387-405900079747}"
EndProject
Project("{9A19103F-16F7-4668-BE54-9A1E7A4F7556}") = "Manager.Services", "src\Manager.Services\Manager.Services.csproj", "{F5DBEC72-A8A4-4DDA-AFB9-C24C6B8799EC}"
EndProject
Project("{9A19103F-16F7-4668-BE54-9A1E7A4F7556}") = "Manager.Core", "src\Manager.Core\Manager.Core.csproj", "{013B6C80-1ACF-41BC-AA2E-CAB2C4820B07}"
EndProject
Project("{9A19103F-16F7-4668-BE54-9A1E7A4F7556}") = "Manager.API", "src\Manager.API\Manager.API.csproj", "{F4B82F06-E625-4663-8C08-A46208C69EB6}"
	ProjectSection(ProjectDependencies) = postProject
		{AAD47760-6146-417B-8F31-57AF7C10B8D8} = {AAD47760-6146-417B-8F31-57AF7C10B8D8}
		{5B663ACB-7477-45EA-8387-405900079747} = {5B663ACB-7477-45EA-8387-405900079747}
	EndProjectSection
EndProject
Global
	GlobalSection(SolutionConfigurationPlatforms) = preSolution
		Debug|Any CPU = Debug|Any CPU
		Release|Any CPU = Release|Any CPU
	EndGlobalSection
	GlobalSection(ProjectConfigurationPlatforms) = postSolution
		{AAD47760-6146-417B-8F31-57AF7C10B8D8}.Debug|Any CPU.ActiveCfg = Debug|Any CPU
		{AAD47760-6146-417B-8F31-57AF7C10B8D8}.Debug|Any CPU.Build.0 = Debug|Any CPU
		{AAD47760-6146-417B-8F31-57AF7C10B8D8}.Release|Any CPU.ActiveCfg = Release|Any CPU
		{AAD47760-6146-417B-8F31-57AF7C10B8D8}.Release|Any CPU.Build.0 = Release|Any CPU
		{5B663ACB-7477-45EA-8387-405900079747}.Debug|Any CPU.ActiveCfg = Debug|Any CPU
		{5B663ACB-7477-45EA-8387-405900079747}.Debug|Any CPU.Build.0 = Debug|Any CPU
		{5B663ACB-7477-45EA-8387-405900079747}.Release|Any CPU.ActiveCfg = Release|Any CPU
		{5B663ACB-7477-45EA-8387-405900079747}.Release|Any CPU.Build.0 = Release|Any CPU
		{F5DBEC72-A8A4-4DDA-AFB9-C24C6B8799EC}.Debug|Any CPU.ActiveCfg = Debug|Any CPU
		{F5DBEC72-A8A4-4DDA-AFB9-C24C6B8799EC}.Debug|Any CPU.Build.0 = Debug|Any CPU
		{F5DBEC72-A8A4-4DDA-AFB9-C24C6B8799EC}.Release|Any CPU.ActiveCfg = Release|Any CPU
		{F5DBEC72-A8A4-4DDA-AFB9-C24C6B8799EC}.Release|Any CPU.Build.0 = Release|Any CPU
		{013B6C80-1ACF-41BC-AA2E-CAB2C4820B07}.Debug|Any CPU.ActiveCfg = Debug|Any CPU
		{013B6C80-1ACF-41BC-AA2E-CAB2C4820B07}.Debug|Any CPU.Build.0 = Debug|Any CPU
		{013B6C80-1ACF-41BC-AA2E-CAB2C4820B07}.Release|Any CPU.ActiveCfg = Release|Any CPU
		{013B6C80-1ACF-41BC-AA2E-CAB2C4820B07}.Release|Any CPU.Build.0 = Release|Any CPU
		{F4B82F06-E625-4663-8C08-A46208C69EB6}.Debug|Any CPU.ActiveCfg = Debug|Any CPU
		{F4B82F06-E625-4663-8C08-A46208C69EB6}.Debug|Any CPU.Build.0 = Debug|Any CPU
		{F4B82F06-E625-4663-8C08-A46208C69EB6}.Release|Any CPU.ActiveCfg = Release|Any CPU
		{F4B82F06-E625-4663-8C08-A46208C69EB6}.Release|Any CPU.Build.0 = Release|Any CPU
	EndGlobalSection
	GlobalSection(SolutionProperties) = preSolution
		HideSolutionNode = FALSE
	EndGlobalSection
	GlobalSection(ExtensibilityGlobals) = postSolution
		SolutionGuid = {9ACAB96E-4CAC-4A1D-A64C-6D49FF558C7C}
	EndGlobalSection
EndGlobal
